
Microsoft Visual Studio Solution File, Format Version 12.00
# Visual Studio 2013
VisualStudioVersion = 12.0.31101.0
MinimumVisualStudioVersion = 10.0.40219.1
Project("{FAE04EC0-301F-11D3-BF4B-00C04F79EFBC}") = "Problem1", "Problem1\Problem1.csproj", "{82DF602E-ADB2-4AF8-BEDE-962A9D0D2FFC}"
EndProject
Project("{FAE04EC0-301F-11D3-BF4B-00C04F79EFBC}") = "Problem2", "Problem2\Problem2.csproj", "{33A69AE5-C885-437D-BA4C-9C1A819F7311}"
EndProject
Project("{FAE04EC0-301F-11D3-BF4B-00C04F79EFBC}") = "Problem3", "Problem3\Problem3.csproj", "{69EEA3FF-E18E-48BC-BDB2-5DD9514E5D45}"
EndProject
Global
	GlobalSection(SolutionConfigurationPlatforms) = preSolution
		Debug|Any CPU = Debug|Any CPU
		Release|Any CPU = Release|Any CPU
	EndGlobalSection
	GlobalSection(ProjectConfigurationPlatforms) = postSolution
		{82DF602E-ADB2-4AF8-BEDE-962A9D0D2FFC}.Debug|Any CPU.ActiveCfg = Debug|Any CPU
		{82DF602E-ADB2-4AF8-BEDE-962A9D0D2FFC}.Debug|Any CPU.Build.0 = Debug|Any CPU
		{82DF602E-ADB2-4AF8-BEDE-962A9D0D2FFC}.Release|Any CPU.ActiveCfg = Release|Any CPU
		{82DF602E-ADB2-4AF8-BEDE-962A9D0D2FFC}.Release|Any CPU.Build.0 = Release|Any CPU
		{33A69AE5-C885-437D-BA4C-9C1A819F7311}.Debug|Any CPU.ActiveCfg = Debug|Any CPU
		{33A69AE5-C885-437D-BA4C-9C1A819F7311}.Debug|Any CPU.Build.0 = Debug|Any CPU
		{33A69AE5-C885-437D-BA4C-9C1A819F7311}.Release|Any CPU.ActiveCfg = Release|Any CPU
		{33A69AE5-C885-437D-BA4C-9C1A819F7311}.Release|Any CPU.Build.0 = Release|Any CPU
		{69EEA3FF-E18E-48BC-BDB2-5DD9514E5D45}.Debug|Any CPU.ActiveCfg = Debug|Any CPU
		{69EEA3FF-E18E-48BC-BDB2-5DD9514E5D45}.Debug|Any CPU.Build.0 = Debug|Any CPU
		{69EEA3FF-E18E-48BC-BDB2-5DD9514E5D45}.Release|Any CPU.ActiveCfg = Release|Any CPU
		{69EEA3FF-E18E-48BC-BDB2-5DD9514E5D45}.Release|Any CPU.Build.0 = Release|Any CPU
	EndGlobalSection
	GlobalSection(SolutionProperties) = preSolution
		HideSolutionNode = FALSE
	EndGlobalSection
EndGlobal
